
Microsoft Visual Studio Solution File, Format Version 12.00
# Visual Studio 15
VisualStudioVersion = 15.0.27428.2037
MinimumVisualStudioVersion = 10.0.40219.1
Project("{FAE04EC0-301F-11D3-BF4B-00C04F79EFBC}") = "ConwaysGameOfLife", "ConwaysGameOfLife\ConwaysGameOfLife.csproj", "{AD212748-494B-4055-B682-F8ED8373C200}"
EndProject
Global
	GlobalSection(SolutionConfigurationPlatforms) = preSolution
		Debug|Any CPU = Debug|Any CPU
		Release|Any CPU = Release|Any CPU
	EndGlobalSection
	GlobalSection(ProjectConfigurationPlatforms) = postSolution
		{AD212748-494B-4055-B682-F8ED8373C200}.Debug|Any CPU.ActiveCfg = Debug|Any CPU
		{AD212748-494B-4055-B682-F8ED8373C200}.Debug|Any CPU.Build.0 = Debug|Any CPU
		{AD212748-494B-4055-B682-F8ED8373C200}.Release|Any CPU.ActiveCfg = Release|Any CPU
		{AD212748-494B-4055-B682-F8ED8373C200}.Release|Any CPU.Build.0 = Release|Any CPU
	EndGlobalSection
	GlobalSection(SolutionProperties) = preSolution
		HideSolutionNode = FALSE
	EndGlobalSection
	GlobalSection(ExtensibilityGlobals) = postSolution
		SolutionGuid = {0808195B-40BF-4644-8A8E-788A943C0A7B}
	EndGlobalSection
EndGlobal
